PODS:
  - AVOSCloud (3.0.2)
  - AVOSCloudSNS (3.0.2):
    - AVOSCloud
  - Pingpp (2.0.4)

DEPENDENCIES:
  - AVOSCloud
  - AVOSCloudSNS
  - Pingpp (from `https://github.com/PingPlusPlus/pingpp-ios.git`)

EXTERNAL SOURCES:
  Pingpp:
    :git: https://github.com/PingPlusPlus/pingpp-ios.git

SPEC CHECKSUMS:
  AVOSCloud: eeacd471d18b3e24c3cb0d089110453261084489
  AVOSCloudSNS: 7d83ffbd3738b92c9ece62e93a65fa593587274b
  Pingpp: 293b841940168d2a70021c6e47ea7a27c2bd80a0

COCOAPODS: 0.34.2
